
Microsoft Visual Studio Solution File, Format Version 11.00
# Visual Studio 2010
Project("{FAE04EC0-301F-11D3-BF4B-00C04F79EFBC}") = "Uncalm Tom", "Assembly-CSharp.csproj", "{6BD1228F-59EE-1CAA-AAB1-56B2CD8634CF}"
EndProject
Project("{FAE04EC0-301F-11D3-BF4B-00C04F79EFBC}") = "Uncalm Tom", "Assembly-CSharp-Editor.csproj", "{E13C30AD-0A6A-3A13-A481-8B9E5689340A}"
EndProject
Global
	GlobalSection(SolutionConfigurationPlatforms) = preSolution
		Debug|Any CPU = Debug|Any CPU
		Release|Any CPU = Release|Any CPU
	EndGlobalSection
	GlobalSection(ProjectConfigurationPlatforms) = postSolution
		{6BD1228F-59EE-1CAA-AAB1-56B2CD8634CF}.Debug|Any CPU.ActiveCfg = Debug|Any CPU
		{6BD1228F-59EE-1CAA-AAB1-56B2CD8634CF}.Debug|Any CPU.Build.0 = Debug|Any CPU
		{6BD1228F-59EE-1CAA-AAB1-56B2CD8634CF}.Release|Any CPU.ActiveCfg = Release|Any CPU
		{6BD1228F-59EE-1CAA-AAB1-56B2CD8634CF}.Release|Any CPU.Build.0 = Release|Any CPU
		{E13C30AD-0A6A-3A13-A481-8B9E5689340A}.Debug|Any CPU.ActiveCfg = Debug|Any CPU
		{E13C30AD-0A6A-3A13-A481-8B9E5689340A}.Debug|Any CPU.Build.0 = Debug|Any CPU
		{E13C30AD-0A6A-3A13-A481-8B9E5689340A}.Release|Any CPU.ActiveCfg = Release|Any CPU
		{E13C30AD-0A6A-3A13-A481-8B9E5689340A}.Release|Any CPU.Build.0 = Release|Any CPU
	EndGlobalSection
	GlobalSection(SolutionProperties) = preSolution
		HideSolutionNode = FALSE
	EndGlobalSection
	GlobalSection(MonoDevelopProperties) = preSolution
		StartupItem = Assembly-CSharp.csproj
	EndGlobalSection
EndGlobal
